
Microsoft Visual Studio Solution File, Format Version 12.00
# Visual Studio 15
Project("{8BC9CEB8-8B4A-11D0-8D11-00A0C91BC942}") = "GentleK3", "k3\k3.vcxproj", "{B2EB1FBF-86B1-4689-BF35-3C57B8BCF641}"
EndProject
Project("{8BC9CEB8-8B4A-11D0-8D11-00A0C91BC942}") = "GentleK3cuda", "k3_cuda\k3_cuda.vcxproj", "{0349F8FC-D664-4654-8472-D5748945A1A6}"
EndProject
Project("{8BC9CEB8-8B4A-11D0-8D11-00A0C91BC942}") = "GentleM3", "m3\m3.vcxproj", "{97470217-B45B-4034-833F-61D9B6F85485}"
EndProject
Global
	GlobalSection(SolutionConfigurationPlatforms) = preSolution
		Debug|x64 = Debug|x64
		Debug|x86 = Debug|x86
		Release|x64 = Release|x64
		Release|x86 = Release|x86
	EndGlobalSection
	GlobalSection(ProjectConfigurationPlatforms) = postSolution
		{B2EB1FBF-86B1-4689-BF35-3C57B8BCF641}.Debug|x64.ActiveCfg = Debug|x64
		{B2EB1FBF-86B1-4689-BF35-3C57B8BCF641}.Debug|x64.Build.0 = Debug|x64
		{B2EB1FBF-86B1-4689-BF35-3C57B8BCF641}.Debug|x86.ActiveCfg = Debug|Win32
		{B2EB1FBF-86B1-4689-BF35-3C57B8BCF641}.Debug|x86.Build.0 = Debug|Win32
		{B2EB1FBF-86B1-4689-BF35-3C57B8BCF641}.Release|x64.ActiveCfg = Release|x64
		{B2EB1FBF-86B1-4689-BF35-3C57B8BCF641}.Release|x64.Build.0 = Release|x64
		{B2EB1FBF-86B1-4689-BF35-3C57B8BCF641}.Release|x86.ActiveCfg = Release|Win32
		{B2EB1FBF-86B1-4689-BF35-3C57B8BCF641}.Release|x86.Build.0 = Release|Win32
		{0349F8FC-D664-4654-8472-D5748945A1A6}.Debug|x64.ActiveCfg = Debug|x64
		{0349F8FC-D664-4654-8472-D5748945A1A6}.Debug|x64.Build.0 = Debug|x64
		{0349F8FC-D664-4654-8472-D5748945A1A6}.Debug|x86.ActiveCfg = Debug|Win32
		{0349F8FC-D664-4654-8472-D5748945A1A6}.Debug|x86.Build.0 = Debug|Win32
		{0349F8FC-D664-4654-8472-D5748945A1A6}.Release|x64.ActiveCfg = Release|x64
		{0349F8FC-D664-4654-8472-D5748945A1A6}.Release|x64.Build.0 = Release|x64
		{0349F8FC-D664-4654-8472-D5748945A1A6}.Release|x86.ActiveCfg = Release|Win32
		{0349F8FC-D664-4654-8472-D5748945A1A6}.Release|x86.Build.0 = Release|Win32
		{97470217-B45B-4034-833F-61D9B6F85485}.Debug|x64.ActiveCfg = Debug|x64
		{97470217-B45B-4034-833F-61D9B6F85485}.Debug|x64.Build.0 = Debug|x64
		{97470217-B45B-4034-833F-61D9B6F85485}.Debug|x86.ActiveCfg = Debug|Win32
		{97470217-B45B-4034-833F-61D9B6F85485}.Debug|x86.Build.0 = Debug|Win32
		{97470217-B45B-4034-833F-61D9B6F85485}.Release|x64.ActiveCfg = Release|x64
		{97470217-B45B-4034-833F-61D9B6F85485}.Release|x64.Build.0 = Release|x64
		{97470217-B45B-4034-833F-61D9B6F85485}.Release|x86.ActiveCfg = Release|Win32
		{97470217-B45B-4034-833F-61D9B6F85485}.Release|x86.Build.0 = Release|Win32
	EndGlobalSection
	GlobalSection(SolutionProperties) = preSolution
		HideSolutionNode = FALSE
	EndGlobalSection
	GlobalSection(ExtensibilityGlobals) = postSolution
		SolutionGuid = {4B3A08A2-5A2D-446F-9B25-8204F2695795}
	EndGlobalSection
EndGlobal
